
Microsoft Visual Studio Solution File, Format Version 12.00
# Visual Studio Version 17
VisualStudioVersion = 17.9.34414.90
MinimumVisualStudioVersion = 10.0.40219.1
Project("{FAE04EC0-301F-11D3-BF4B-00C04F79EFBC}") = "MauiFrameApp", "MauiFrameApp\MauiFrameApp.csproj", "{A2F5A610-BF26-40FB-BACE-0C12A72428B8}"
EndProject
Global
	GlobalSection(SolutionConfigurationPlatforms) = preSolution
		Debug|Any CPU = Debug|Any CPU
		Release|Any CPU = Release|Any CPU
	EndGlobalSection
	GlobalSection(ProjectConfigurationPlatforms) = postSolution
		{A2F5A610-BF26-40FB-BACE-0C12A72428B8}.Debug|Any CPU.ActiveCfg = Debug|Any CPU
		{A2F5A610-BF26-40FB-BACE-0C12A72428B8}.Debug|Any CPU.Build.0 = Debug|Any CPU
		{A2F5A610-BF26-40FB-BACE-0C12A72428B8}.Debug|Any CPU.Deploy.0 = Debug|Any CPU
		{A2F5A610-BF26-40FB-BACE-0C12A72428B8}.Release|Any CPU.ActiveCfg = Release|Any CPU
		{A2F5A610-BF26-40FB-BACE-0C12A72428B8}.Release|Any CPU.Build.0 = Release|Any CPU
		{A2F5A610-BF26-40FB-BACE-0C12A72428B8}.Release|Any CPU.Deploy.0 = Release|Any CPU
	EndGlobalSection
	GlobalSection(SolutionProperties) = preSolution
		HideSolutionNode = FALSE
	EndGlobalSection
	GlobalSection(ExtensibilityGlobals) = postSolution
		SolutionGuid = {6F77EE65-95E9-4FA7-9205-4F2309ABE21A}
	EndGlobalSection
EndGlobal
